
Microsoft Visual Studio Solution File, Format Version 11.00
# Visual Studio 2010
Project("{F184B08F-C81C-45F6-A57F-5ABD9991F28F}") = "JSON-Pocket", "JSON-Pocket\JSON-Pocket.vbproj", "{51E33E48-D55D-4FDB-A25C-2A33999E998C}"
EndProject
Global
	GlobalSection(SolutionConfigurationPlatforms) = preSolution
		Debug|x86 = Debug|x86
		Release|x86 = Release|x86
	EndGlobalSection
	GlobalSection(ProjectConfigurationPlatforms) = postSolution
		{51E33E48-D55D-4FDB-A25C-2A33999E998C}.Debug|x86.ActiveCfg = Debug|x86
		{51E33E48-D55D-4FDB-A25C-2A33999E998C}.Debug|x86.Build.0 = Debug|x86
		{51E33E48-D55D-4FDB-A25C-2A33999E998C}.Release|x86.ActiveCfg = Release|x86
		{51E33E48-D55D-4FDB-A25C-2A33999E998C}.Release|x86.Build.0 = Release|x86
	EndGlobalSection
	GlobalSection(SolutionProperties) = preSolution
		HideSolutionNode = FALSE
	EndGlobalSection
EndGlobal
